
Microsoft Visual Studio Solution File, Format Version 12.00
# Visual Studio 15
VisualStudioVersion = 15.0.27703.2042
MinimumVisualStudioVersion = 10.0.40219.1
Project("{FAE04EC0-301F-11D3-BF4B-00C04F79EFBC}") = "EmployeeDemo", "EmployeeDemo\EmployeeDemo.csproj", "{EF68BA3D-278C-47E1-8445-AA1CB085AC03}"
EndProject
Global
	GlobalSection(SolutionConfigurationPlatforms) = preSolution
		Debug|Any CPU = Debug|Any CPU
		Release|Any CPU = Release|Any CPU
	EndGlobalSection
	GlobalSection(ProjectConfigurationPlatforms) = postSolution
		{EF68BA3D-278C-47E1-8445-AA1CB085AC03}.Debug|Any CPU.ActiveCfg = Debug|Any CPU
		{EF68BA3D-278C-47E1-8445-AA1CB085AC03}.Debug|Any CPU.Build.0 = Debug|Any CPU
		{EF68BA3D-278C-47E1-8445-AA1CB085AC03}.Release|Any CPU.ActiveCfg = Release|Any CPU
		{EF68BA3D-278C-47E1-8445-AA1CB085AC03}.Release|Any CPU.Build.0 = Release|Any CPU
	EndGlobalSection
	GlobalSection(SolutionProperties) = preSolution
		HideSolutionNode = FALSE
	EndGlobalSection
	GlobalSection(ExtensibilityGlobals) = postSolution
		SolutionGuid = {E70E96B0-7BE1-423F-8E8B-CDCEE41B7BC6}
	EndGlobalSection
EndGlobal
